# This file is generated by running "yarn install" inside your project.
# Manual changes might be lost - proceed with caution!

__metadata:
  version: 8
  cacheKey: 10c0

"@bundled-es-modules/deepmerge@npm:^4.3.1":
  version: 4.3.1
  resolution: "@bundled-es-modules/deepmerge@npm:4.3.1"
  dependencies:
    deepmerge: "npm:^4.3.1"
  checksum: 10c0/50493fb741d588aa358edc5e844cbf31493cb64aca0a5ca0d33d73f61eb9eb853f7038074429343afbe199e614a6be8400abfd31909f9e5f14a53a4cff39b894
  languageName: node
  linkType: hard

"@bundled-es-modules/glob@npm:^11.0.3":
  version: 11.0.3
  resolution: "@bundled-es-modules/glob@npm:11.0.3"
  dependencies:
    buffer: "npm:^6.0.3"
    events: "npm:^3.3.0"
    glob: "npm:^11.0.3"
    path: "npm:^0.12.7"
    stream: "npm:^0.0.3"
    string_decoder: "npm:^1.3.0"
    url: "npm:^0.11.3"
  checksum: 10c0/ab433851186fc319243007b43e574eeceafad1361c6ee5ba1865f852b4a54c34f1addda3e5bc4f2cb1350b1ba9167cad1268e4466266e0cd24bb209bbd4ecbae
  languageName: node
  linkType: hard

"@bundled-es-modules/memfs@npm:^4.9.4":
  version: 4.17.0
  resolution: "@bundled-es-modules/memfs@npm:4.17.0"
  dependencies:
    assert: "npm:^2.1.0"
    buffer: "npm:^6.0.3"
    events: "npm:^3.3.0"
    memfs: "npm:^4.17.0"
    path: "npm:^0.12.7"
    stream: "npm:^0.0.3"
    util: "npm:^0.12.5"
  checksum: 10c0/88b573e52afe2f14b0c06f1f4337883ccf3155b7c3f667af8ead248b84ba2743e4eee90eb283ec967a8486576509bb6d42ce1c43714253f70ee23c5e5e24bc73
  languageName: node
  linkType: hard

"@isaacs/balanced-match@npm:^4.0.1":
  version: 4.0.1
  resolution: "@isaacs/balanced-match@npm:4.0.1"
  checksum: 10c0/7da011805b259ec5c955f01cee903da72ad97c5e6f01ca96197267d3f33103d5b2f8a1af192140f3aa64526c593c8d098ae366c2b11f7f17645d12387c2fd420
  languageName: node
  linkType: hard

"@isaacs/brace-expansion@npm:^5.0.0":
  version: 5.0.0
  resolution: "@isaacs/brace-expansion@npm:5.0.0"
  dependencies:
    "@isaacs/balanced-match": "npm:^4.0.1"
  checksum: 10c0/b4d4812f4be53afc2c5b6c545001ff7a4659af68d4484804e9d514e183d20269bb81def8682c01a22b17c4d6aed14292c8494f7d2ac664e547101c1a905aa977
  languageName: node
  linkType: hard

"@isaacs/cliui@npm:^8.0.2":
  version: 8.0.2
  resolution: "@isaacs/cliui@npm:8.0.2"
  dependencies:
    string-width: "npm:^5.1.2"
    string-width-cjs: "npm:string-width@^4.2.0"
    strip-ansi: "npm:^7.0.1"
    strip-ansi-cjs: "npm:strip-ansi@^6.0.1"
    wrap-ansi: "npm:^8.1.0"
    wrap-ansi-cjs: "npm:wrap-ansi@^7.0.0"
  checksum: 10c0/b1bf42535d49f11dc137f18d5e4e63a28c5569de438a221c369483731e9dac9fb797af554e8bf02b6192d1e5eba6e6402cf93900c3d0ac86391d00d04876789e
  languageName: node
  linkType: hard

"@jsonjoy.com/base64@npm:^1.1.2":
  version: 1.1.2
  resolution: "@jsonjoy.com/base64@npm:1.1.2"
  peerDependencies:
    tslib: 2
  checksum: 10c0/88717945f66dc89bf58ce75624c99fe6a5c9a0c8614e26d03e406447b28abff80c69fb37dabe5aafef1862cf315071ae66e5c85f6018b437d95f8d13d235e6eb
  languageName: node
  linkType: hard

"@jsonjoy.com/buffers@npm:^1.0.0, @jsonjoy.com/buffers@npm:^1.2.0":
  version: 1.2.1
  resolution: "@jsonjoy.com/buffers@npm:1.2.1"
  peerDependencies:
    tslib: 2
  checksum: 10c0/5edaf761b78b730ae0598824adb37473fef5b40a8fc100625159700eb36e00057c5129c7ad15fc0e3178e8de58a044da65728e8d7b05fd3eed58e9b9a0d02b5a
  languageName: node
  linkType: hard

"@jsonjoy.com/codegen@npm:^1.0.0":
  version: 1.0.0
  resolution: "@jsonjoy.com/codegen@npm:1.0.0"
  peerDependencies:
    tslib: 2
  checksum: 10c0/54686352248440ad1484ce7db0270a5a72424fb9651b090e5f1c8e2cd8e55e6c7a3f67dfe4ed90c689cf01ed949e794764a8069f5f52510eaf0a2d0c41d324cd
  languageName: node
  linkType: hard

"@jsonjoy.com/json-pack@npm:^1.11.0":
  version: 1.21.0
  resolution: "@jsonjoy.com/json-pack@npm:1.21.0"
  dependencies:
    "@jsonjoy.com/base64": "npm:^1.1.2"
    "@jsonjoy.com/buffers": "npm:^1.2.0"
    "@jsonjoy.com/codegen": "npm:^1.0.0"
    "@jsonjoy.com/json-pointer": "npm:^1.0.2"
    "@jsonjoy.com/util": "npm:^1.9.0"
    hyperdyperid: "npm:^1.2.0"
    thingies: "npm:^2.5.0"
    tree-dump: "npm:^1.1.0"
  peerDependencies:
    tslib: 2
  checksum: 10c0/0183eccccf2ab912389a6784ae81c1a7da48cf178902efe093fb60c457359c7c75da2803f869e0a1489f1342dfa4f8ab9b27b65adc9f44fd9646823773b71e9d
  languageName: node
  linkType: hard

"@jsonjoy.com/json-pointer@npm:^1.0.2":
  version: 1.0.2
  resolution: "@jsonjoy.com/json-pointer@npm:1.0.2"
  dependencies:
    "@jsonjoy.com/codegen": "npm:^1.0.0"
    "@jsonjoy.com/util": "npm:^1.9.0"
  peerDependencies:
    tslib: 2
  checksum: 10c0/8d959c0fdd77d937d2a829270de51533bb9e3b887b3f6f02943884dc33dd79225071218c93f4bafdee6a3412fd5153264997953a86de444d85c1fff67915af54
  languageName: node
  linkType: hard

"@jsonjoy.com/util@npm:^1.9.0":
  version: 1.9.0
  resolution: "@jsonjoy.com/util@npm:1.9.0"
  dependencies:
    "@jsonjoy.com/buffers": "npm:^1.0.0"
    "@jsonjoy.com/codegen": "npm:^1.0.0"
  peerDependencies:
    tslib: 2
  checksum: 10c0/a720a6accaae71fa9e7fa06e93e382702aa5760ef2bdc3bc45c19dc2228a01cc735d36cb970c654bc5e88f1328d55d1f0d5eceef0b76bcc327a2ce863e7b0021
  languageName: node
  linkType: hard

"@yashu-ds/foundation@workspace:^, @yashu-ds/foundation@workspace:packages/foundation":
  version: 0.0.0-use.local
  resolution: "@yashu-ds/foundation@workspace:packages/foundation"
  dependencies:
    style-dictionary: "npm:^5.1.1"
    typescript: "npm:^5.9.3"
  languageName: unknown
  linkType: soft

"@yashu-ds/react@workspace:^, @yashu-ds/react@workspace:packages/react":
  version: 0.0.0-use.local
  resolution: "@yashu-ds/react@workspace:packages/react"
  dependencies:
    "@yashu-ds/foundation": "workspace:^"
    typescript: "npm:^5.9.3"
  languageName: unknown
  linkType: soft

"@yashu-ds/storybook@workspace:packages/storybook":
  version: 0.0.0-use.local
  resolution: "@yashu-ds/storybook@workspace:packages/storybook"
  dependencies:
    "@yashu-ds/foundation": "workspace:^"
    "@yashu-ds/react": "workspace:^"
    typescript: "npm:^5.9.3"
  languageName: unknown
  linkType: soft

"@zip.js/zip.js@npm:^2.7.44":
  version: 2.8.10
  resolution: "@zip.js/zip.js@npm:2.8.10"
  checksum: 10c0/09b3757ceb4af6768b7795b8a6f610bf8f372912a5d0f3531263c3c9e2f67ff747ef42be7aba450ad50f207e33a648119565241fb0de572a0c703b74f28f9371
  languageName: node
  linkType: hard

"ansi-regex@npm:^5.0.1":
  version: 5.0.1
  resolution: "ansi-regex@npm:5.0.1"
  checksum: 10c0/9a64bb8627b434ba9327b60c027742e5d17ac69277960d041898596271d992d4d52ba7267a63ca10232e29f6107fc8a835f6ce8d719b88c5f8493f8254813737
  languageName: node
  linkType: hard

"ansi-regex@npm:^6.0.1":
  version: 6.2.2
  resolution: "ansi-regex@npm:6.2.2"
  checksum: 10c0/05d4acb1d2f59ab2cf4b794339c7b168890d44dda4bf0ce01152a8da0213aca207802f930442ce8cd22d7a92f44907664aac6508904e75e038fa944d2601b30f
  languageName: node
  linkType: hard

"ansi-styles@npm:^4.0.0":
  version: 4.3.0
  resolution: "ansi-styles@npm:4.3.0"
  dependencies:
    color-convert: "npm:^2.0.1"
  checksum: 10c0/895a23929da416f2bd3de7e9cb4eabd340949328ab85ddd6e484a637d8f6820d485f53933446f5291c3b760cbc488beb8e88573dd0f9c7daf83dccc8fe81b041
  languageName: node
  linkType: hard

"ansi-styles@npm:^6.1.0":
  version: 6.2.3
  resolution: "ansi-styles@npm:6.2.3"
  checksum: 10c0/23b8a4ce14e18fb854693b95351e286b771d23d8844057ed2e7d083cd3e708376c3323707ec6a24365f7d7eda3ca00327fe04092e29e551499ec4c8b7bfac868
  languageName: node
  linkType: hard

"assert@npm:^2.1.0":
  version: 2.1.0
  resolution: "assert@npm:2.1.0"
  dependencies:
    call-bind: "npm:^1.0.2"
    is-nan: "npm:^1.3.2"
    object-is: "npm:^1.1.5"
    object.assign: "npm:^4.1.4"
    util: "npm:^0.12.5"
  checksum: 10c0/7271a5da883c256a1fa690677bf1dd9d6aa882139f2bed1cd15da4f9e7459683e1da8e32a203d6cc6767e5e0f730c77a9532a87b896b4b0af0dd535f668775f0
  languageName: node
  linkType: hard

"async-function@npm:^1.0.0":
  version: 1.0.0
  resolution: "async-function@npm:1.0.0"
  checksum: 10c0/669a32c2cb7e45091330c680e92eaeb791bc1d4132d827591e499cd1f776ff5a873e77e5f92d0ce795a8d60f10761dec9ddfe7225a5de680f5d357f67b1aac73
  languageName: node
  linkType: hard

"async-generator-function@npm:^1.0.0":
  version: 1.0.0
  resolution: "async-generator-function@npm:1.0.0"
  checksum: 10c0/2c50ef856c543ad500d8d8777d347e3c1ba623b93e99c9263ecc5f965c1b12d2a140e2ab6e43c3d0b85366110696f28114649411cbcd10b452a92a2318394186
  languageName: node
  linkType: hard

"available-typed-arrays@npm:^1.0.7":
  version: 1.0.7
  resolution: "available-typed-arrays@npm:1.0.7"
  dependencies:
    possible-typed-array-names: "npm:^1.0.0"
  checksum: 10c0/d07226ef4f87daa01bd0fe80f8f310982e345f372926da2e5296aecc25c41cab440916bbaa4c5e1034b453af3392f67df5961124e4b586df1e99793a1374bdb2
  languageName: node
  linkType: hard

"base64-js@npm:^1.3.1":
  version: 1.5.1
  resolution: "base64-js@npm:1.5.1"
  checksum: 10c0/f23823513b63173a001030fae4f2dabe283b99a9d324ade3ad3d148e218134676f1ee8568c877cd79ec1c53158dcf2d2ba527a97c606618928ba99dd930102bf
  languageName: node
  linkType: hard

"buffer@npm:^6.0.3":
  version: 6.0.3
  resolution: "buffer@npm:6.0.3"
  dependencies:
    base64-js: "npm:^1.3.1"
    ieee754: "npm:^1.2.1"
  checksum: 10c0/2a905fbbcde73cc5d8bd18d1caa23715d5f83a5935867c2329f0ac06104204ba7947be098fe1317fbd8830e26090ff8e764f08cd14fefc977bb248c3487bcbd0
  languageName: node
  linkType: hard

"call-bind-apply-helpers@npm:^1.0.0, call-bind-apply-helpers@npm:^1.0.1, call-bind-apply-helpers@npm:^1.0.2":
  version: 1.0.2
  resolution: "call-bind-apply-helpers@npm:1.0.2"
  dependencies:
    es-errors: "npm:^1.3.0"
    function-bind: "npm:^1.1.2"
  checksum: 10c0/47bd9901d57b857590431243fea704ff18078b16890a6b3e021e12d279bbf211d039155e27d7566b374d49ee1f8189344bac9833dec7a20cdec370506361c938
  languageName: node
  linkType: hard

"call-bind@npm:^1.0.0, call-bind@npm:^1.0.2, call-bind@npm:^1.0.7, call-bind@npm:^1.0.8":
  version: 1.0.8
  resolution: "call-bind@npm:1.0.8"
  dependencies:
    call-bind-apply-helpers: "npm:^1.0.0"
    es-define-property: "npm:^1.0.0"
    get-intrinsic: "npm:^1.2.4"
    set-function-length: "npm:^1.2.2"
  checksum: 10c0/a13819be0681d915144467741b69875ae5f4eba8961eb0bf322aab63ec87f8250eb6d6b0dcbb2e1349876412a56129ca338592b3829ef4343527f5f18a0752d4
  languageName: node
  linkType: hard

"call-bound@npm:^1.0.2, call-bound@npm:^1.0.3, call-bound@npm:^1.0.4":
  version: 1.0.4
  resolution: "call-bound@npm:1.0.4"
  dependencies:
    call-bind-apply-helpers: "npm:^1.0.2"
    get-intrinsic: "npm:^1.3.0"
  checksum: 10c0/f4796a6a0941e71c766aea672f63b72bc61234c4f4964dc6d7606e3664c307e7d77845328a8f3359ce39ddb377fed67318f9ee203dea1d47e46165dcf2917644
  languageName: node
  linkType: hard

"chalk@npm:^5.3.0":
  version: 5.6.2
  resolution: "chalk@npm:5.6.2"
  checksum: 10c0/99a4b0f0e7991796b1e7e3f52dceb9137cae2a9dfc8fc0784a550dc4c558e15ab32ed70b14b21b52beb2679b4892b41a0aa44249bcb996f01e125d58477c6976
  languageName: node
  linkType: hard

"change-case@npm:^5.3.0":
  version: 5.4.4
  resolution: "change-case@npm:5.4.4"
  checksum: 10c0/2a9c2b9c9ad6ab2491105aaf506db1a9acaf543a18967798dcce20926c6a173aa63266cb6189f3086e3c14bf7ae1f8ea4f96ecc466fcd582310efa00372f3734
  languageName: node
  linkType: hard

"color-convert@npm:^2.0.1":
  version: 2.0.1
  resolution: "color-convert@npm:2.0.1"
  dependencies:
    color-name: "npm:~1.1.4"
  checksum: 10c0/37e1150172f2e311fe1b2df62c6293a342ee7380da7b9cfdba67ea539909afbd74da27033208d01d6d5cfc65ee7868a22e18d7e7648e004425441c0f8a15a7d7
  languageName: node
  linkType: hard

"color-name@npm:~1.1.4":
  version: 1.1.4
  resolution: "color-name@npm:1.1.4"
  checksum: 10c0/a1a3f914156960902f46f7f56bc62effc6c94e84b2cae157a526b1c1f74b677a47ec602bf68a61abfa2b42d15b7c5651c6dbe72a43af720bc588dff885b10f95
  languageName: node
  linkType: hard

"commander@npm:^12.1.0":
  version: 12.1.0
  resolution: "commander@npm:12.1.0"
  checksum: 10c0/6e1996680c083b3b897bfc1cfe1c58dfbcd9842fd43e1aaf8a795fbc237f65efcc860a3ef457b318e73f29a4f4a28f6403c3d653d021d960e4632dd45bde54a9
  languageName: node
  linkType: hard

"component-emitter@npm:^2.0.0":
  version: 2.0.0
  resolution: "component-emitter@npm:2.0.0"
  checksum: 10c0/65dfaf787ea49eb48f0ffec766bda7ec67e8dbeb3b406f08724dcae842e0aa274731fcccb9280b77d2b41693061731a9080b60d276020246a146544cd9900b83
  languageName: node
  linkType: hard

"cross-spawn@npm:^7.0.6":
  version: 7.0.6
  resolution: "cross-spawn@npm:7.0.6"
  dependencies:
    path-key: "npm:^3.1.0"
    shebang-command: "npm:^2.0.0"
    which: "npm:^2.0.1"
  checksum: 10c0/053ea8b2135caff68a9e81470e845613e374e7309a47731e81639de3eaeb90c3d01af0e0b44d2ab9d50b43467223b88567dfeb3262db942dc063b9976718ffc1
  languageName: node
  linkType: hard

"deepmerge@npm:^4.3.1":
  version: 4.3.1
  resolution: "deepmerge@npm:4.3.1"
  checksum: 10c0/e53481aaf1aa2c4082b5342be6b6d8ad9dfe387bc92ce197a66dea08bd4265904a087e75e464f14d1347cf2ac8afe1e4c16b266e0561cc5df29382d3c5f80044
  languageName: node
  linkType: hard

"define-data-property@npm:^1.0.1, define-data-property@npm:^1.1.4":
  version: 1.1.4
  resolution: "define-data-property@npm:1.1.4"
  dependencies:
    es-define-property: "npm:^1.0.0"
    es-errors: "npm:^1.3.0"
    gopd: "npm:^1.0.1"
  checksum: 10c0/dea0606d1483eb9db8d930d4eac62ca0fa16738b0b3e07046cddfacf7d8c868bbe13fa0cb263eb91c7d0d527960dc3f2f2471a69ed7816210307f6744fe62e37
  languageName: node
  linkType: hard

"define-properties@npm:^1.1.3, define-properties@npm:^1.2.1":
  version: 1.2.1
  resolution: "define-properties@npm:1.2.1"
  dependencies:
    define-data-property: "npm:^1.0.1"
    has-property-descriptors: "npm:^1.0.0"
    object-keys: "npm:^1.1.1"
  checksum: 10c0/88a152319ffe1396ccc6ded510a3896e77efac7a1bfbaa174a7b00414a1747377e0bb525d303794a47cf30e805c2ec84e575758512c6e44a993076d29fd4e6c3
  languageName: node
  linkType: hard

"dunder-proto@npm:^1.0.1":
  version: 1.0.1
  resolution: "dunder-proto@npm:1.0.1"
  dependencies:
    call-bind-apply-helpers: "npm:^1.0.1"
    es-errors: "npm:^1.3.0"
    gopd: "npm:^1.2.0"
  checksum: 10c0/199f2a0c1c16593ca0a145dbf76a962f8033ce3129f01284d48c45ed4e14fea9bbacd7b3610b6cdc33486cef20385ac054948fefc6272fcce645c09468f93031
  languageName: node
  linkType: hard

"eastasianwidth@npm:^0.2.0":
  version: 0.2.0
  resolution: "eastasianwidth@npm:0.2.0"
  checksum: 10c0/26f364ebcdb6395f95124fda411f63137a4bfb5d3a06453f7f23dfe52502905bd84e0488172e0f9ec295fdc45f05c23d5d91baf16bd26f0fe9acd777a188dc39
  languageName: node
  linkType: hard

"emoji-regex@npm:^8.0.0":
  version: 8.0.0
  resolution: "emoji-regex@npm:8.0.0"
  checksum: 10c0/b6053ad39951c4cf338f9092d7bfba448cdfd46fe6a2a034700b149ac9ffbc137e361cbd3c442297f86bed2e5f7576c1b54cc0a6bf8ef5106cc62f496af35010
  languageName: node
  linkType: hard

"emoji-regex@npm:^9.2.2":
  version: 9.2.2
  resolution: "emoji-regex@npm:9.2.2"
  checksum: 10c0/af014e759a72064cf66e6e694a7fc6b0ed3d8db680427b021a89727689671cefe9d04151b2cad51dbaf85d5ba790d061cd167f1cf32eb7b281f6368b3c181639
  languageName: node
  linkType: hard

"es-define-property@npm:^1.0.0, es-define-property@npm:^1.0.1":
  version: 1.0.1
  resolution: "es-define-property@npm:1.0.1"
  checksum: 10c0/3f54eb49c16c18707949ff25a1456728c883e81259f045003499efba399c08bad00deebf65cccde8c0e07908c1a225c9d472b7107e558f2a48e28d530e34527c
  languageName: node
  linkType: hard

"es-errors@npm:^1.3.0":
  version: 1.3.0
  resolution: "es-errors@npm:1.3.0"
  checksum: 10c0/0a61325670072f98d8ae3b914edab3559b6caa980f08054a3b872052640d91da01d38df55df797fcc916389d77fc92b8d5906cf028f4db46d7e3003abecbca85
  languageName: node
  linkType: hard

"es-object-atoms@npm:^1.0.0, es-object-atoms@npm:^1.1.1":
  version: 1.1.1
  resolution: "es-object-atoms@npm:1.1.1"
  dependencies:
    es-errors: "npm:^1.3.0"
  checksum: 10c0/65364812ca4daf48eb76e2a3b7a89b3f6a2e62a1c420766ce9f692665a29d94fe41fe88b65f24106f449859549711e4b40d9fb8002d862dfd7eb1c512d10be0c
  languageName: node
  linkType: hard

"events@npm:^3.3.0":
  version: 3.3.0
  resolution: "events@npm:3.3.0"
  checksum: 10c0/d6b6f2adbccbcda74ddbab52ed07db727ef52e31a61ed26db9feb7dc62af7fc8e060defa65e5f8af9449b86b52cc1a1f6a79f2eafcf4e62add2b7a1fa4a432f6
  languageName: node
  linkType: hard

"for-each@npm:^0.3.5":
  version: 0.3.5
  resolution: "for-each@npm:0.3.5"
  dependencies:
    is-callable: "npm:^1.2.7"
  checksum: 10c0/0e0b50f6a843a282637d43674d1fb278dda1dd85f4f99b640024cfb10b85058aac0cc781bf689d5fe50b4b7f638e91e548560723a4e76e04fe96ae35ef039cee
  languageName: node
  linkType: hard

"foreground-child@npm:^3.3.1":
  version: 3.3.1
  resolution: "foreground-child@npm:3.3.1"
  dependencies:
    cross-spawn: "npm:^7.0.6"
    signal-exit: "npm:^4.0.1"
  checksum: 10c0/8986e4af2430896e65bc2788d6679067294d6aee9545daefc84923a0a4b399ad9c7a3ea7bd8c0b2b80fdf4a92de4c69df3f628233ff3224260e9c1541a9e9ed3
  languageName: node
  linkType: hard

"function-bind@npm:^1.1.2":
  version: 1.1.2
  resolution: "function-bind@npm:1.1.2"
  checksum: 10c0/d8680ee1e5fcd4c197e4ac33b2b4dce03c71f4d91717292785703db200f5c21f977c568d28061226f9b5900cbcd2c84463646134fd5337e7925e0942bc3f46d5
  languageName: node
  linkType: hard

"generator-function@npm:^2.0.0":
  version: 2.0.1
  resolution: "generator-function@npm:2.0.1"
  checksum: 10c0/8a9f59df0f01cfefafdb3b451b80555e5cf6d76487095db91ac461a0e682e4ff7a9dbce15f4ecec191e53586d59eece01949e05a4b4492879600bbbe8e28d6b8
  languageName: node
  linkType: hard

"get-intrinsic@npm:^1.2.4, get-intrinsic@npm:^1.2.5, get-intrinsic@npm:^1.3.0":
  version: 1.3.1
  resolution: "get-intrinsic@npm:1.3.1"
  dependencies:
    async-function: "npm:^1.0.0"
    async-generator-function: "npm:^1.0.0"
    call-bind-apply-helpers: "npm:^1.0.2"
    es-define-property: "npm:^1.0.1"
    es-errors: "npm:^1.3.0"
    es-object-atoms: "npm:^1.1.1"
    function-bind: "npm:^1.1.2"
    generator-function: "npm:^2.0.0"
    get-proto: "npm:^1.0.1"
    gopd: "npm:^1.2.0"
    has-symbols: "npm:^1.1.0"
    hasown: "npm:^2.0.2"
    math-intrinsics: "npm:^1.1.0"
  checksum: 10c0/9f4ab0cf7efe0fd2c8185f52e6f637e708f3a112610c88869f8f041bb9ecc2ce44bf285dfdbdc6f4f7c277a5b88d8e94a432374d97cca22f3de7fc63795deb5d
  languageName: node
  linkType: hard

"get-proto@npm:^1.0.1":
  version: 1.0.1
  resolution: "get-proto@npm:1.0.1"
  dependencies:
    dunder-proto: "npm:^1.0.1"
    es-object-atoms: "npm:^1.0.0"
  checksum: 10c0/9224acb44603c5526955e83510b9da41baf6ae73f7398875fba50edc5e944223a89c4a72b070fcd78beb5f7bdda58ecb6294adc28f7acfc0da05f76a2399643c
  languageName: node
  linkType: hard

"glob-to-regex.js@npm:^1.0.1":
  version: 1.2.0
  resolution: "glob-to-regex.js@npm:1.2.0"
  peerDependencies:
    tslib: 2
  checksum: 10c0/011c81ae2a4d7ac5fd617038209fd9639d54c76211cc88fe8dd85d1a0850bc683a63cf5b1eae370141fca7dd2c834dfb9684dfdd8bf7472f2c1e4ef6ab6e34f9
  languageName: node
  linkType: hard

"glob@npm:^11.0.3":
  version: 11.0.3
  resolution: "glob@npm:11.0.3"
  dependencies:
    foreground-child: "npm:^3.3.1"
    jackspeak: "npm:^4.1.1"
    minimatch: "npm:^10.0.3"
    minipass: "npm:^7.1.2"
    package-json-from-dist: "npm:^1.0.0"
    path-scurry: "npm:^2.0.0"
  bin:
    glob: dist/esm/bin.mjs
  checksum: 10c0/7d24457549ec2903920dfa3d8e76850e7c02aa709122f0164b240c712f5455c0b457e6f2a1eee39344c6148e39895be8094ae8cfef7ccc3296ed30bce250c661
  languageName: node
  linkType: hard

"gopd@npm:^1.0.1, gopd@npm:^1.2.0":
  version: 1.2.0
  resolution: "gopd@npm:1.2.0"
  checksum: 10c0/50fff1e04ba2b7737c097358534eacadad1e68d24cccee3272e04e007bed008e68d2614f3987788428fd192a5ae3889d08fb2331417e4fc4a9ab366b2043cead
  languageName: node
  linkType: hard

"has-property-descriptors@npm:^1.0.0, has-property-descriptors@npm:^1.0.2":
  version: 1.0.2
  resolution: "has-property-descriptors@npm:1.0.2"
  dependencies:
    es-define-property: "npm:^1.0.0"
  checksum: 10c0/253c1f59e80bb476cf0dde8ff5284505d90c3bdb762983c3514d36414290475fe3fd6f574929d84de2a8eec00d35cf07cb6776205ff32efd7c50719125f00236
  languageName: node
  linkType: hard

"has-symbols@npm:^1.0.3, has-symbols@npm:^1.1.0":
  version: 1.1.0
  resolution: "has-symbols@npm:1.1.0"
  checksum: 10c0/dde0a734b17ae51e84b10986e651c664379018d10b91b6b0e9b293eddb32f0f069688c841fb40f19e9611546130153e0a2a48fd7f512891fb000ddfa36f5a20e
  languageName: node
  linkType: hard

"has-tostringtag@npm:^1.0.2":
  version: 1.0.2
  resolution: "has-tostringtag@npm:1.0.2"
  dependencies:
    has-symbols: "npm:^1.0.3"
  checksum: 10c0/a8b166462192bafe3d9b6e420a1d581d93dd867adb61be223a17a8d6dad147aa77a8be32c961bb2f27b3ef893cae8d36f564ab651f5e9b7938ae86f74027c48c
  languageName: node
  linkType: hard

"hasown@npm:^2.0.2":
  version: 2.0.2
  resolution: "hasown@npm:2.0.2"
  dependencies:
    function-bind: "npm:^1.1.2"
  checksum: 10c0/3769d434703b8ac66b209a4cca0737519925bbdb61dd887f93a16372b14694c63ff4e797686d87c90f08168e81082248b9b028bad60d4da9e0d1148766f56eb9
  languageName: node
  linkType: hard

"hyperdyperid@npm:^1.2.0":
  version: 1.2.0
  resolution: "hyperdyperid@npm:1.2.0"
  checksum: 10c0/885ba3177c7181d315a856ee9c0005ff8eb5dcb1ce9e9d61be70987895d934d84686c37c981cceeb53216d4c9c15c1cc25f1804e84cc6a74a16993c5d7fd0893
  languageName: node
  linkType: hard

"ieee754@npm:^1.2.1":
  version: 1.2.1
  resolution: "ieee754@npm:1.2.1"
  checksum: 10c0/b0782ef5e0935b9f12883a2e2aa37baa75da6e66ce6515c168697b42160807d9330de9a32ec1ed73149aea02e0d822e572bca6f1e22bdcbd2149e13b050b17bb
  languageName: node
  linkType: hard

"inherits@npm:2.0.3":
  version: 2.0.3
  resolution: "inherits@npm:2.0.3"
  checksum: 10c0/6e56402373149ea076a434072671f9982f5fad030c7662be0332122fe6c0fa490acb3cc1010d90b6eff8d640b1167d77674add52dfd1bb85d545cf29e80e73e7
  languageName: node
  linkType: hard

"inherits@npm:^2.0.3":
  version: 2.0.4
  resolution: "inherits@npm:2.0.4"
  checksum: 10c0/4e531f648b29039fb7426fb94075e6545faa1eb9fe83c29f0b6d9e7263aceb4289d2d4557db0d428188eeb449cc7c5e77b0a0b2c4e248ff2a65933a0dee49ef2
  languageName: node
  linkType: hard

"is-arguments@npm:^1.0.4":
  version: 1.2.0
  resolution: "is-arguments@npm:1.2.0"
  dependencies:
    call-bound: "npm:^1.0.2"
    has-tostringtag: "npm:^1.0.2"
  checksum: 10c0/6377344b31e9fcb707c6751ee89b11f132f32338e6a782ec2eac9393b0cbd32235dad93052998cda778ee058754860738341d8114910d50ada5615912bb929fc
  languageName: node
  linkType: hard

"is-callable@npm:^1.2.7":
  version: 1.2.7
  resolution: "is-callable@npm:1.2.7"
  checksum: 10c0/ceebaeb9d92e8adee604076971dd6000d38d6afc40bb843ea8e45c5579b57671c3f3b50d7f04869618242c6cee08d1b67806a8cb8edaaaf7c0748b3720d6066f
  languageName: node
  linkType: hard

"is-fullwidth-code-point@npm:^3.0.0":
  version: 3.0.0
  resolution: "is-fullwidth-code-point@npm:3.0.0"
  checksum: 10c0/bb11d825e049f38e04c06373a8d72782eee0205bda9d908cc550ccb3c59b99d750ff9537982e01733c1c94a58e35400661f57042158ff5e8f3e90cf936daf0fc
  languageName: node
  linkType: hard

"is-generator-function@npm:^1.0.7":
  version: 1.1.2
  resolution: "is-generator-function@npm:1.1.2"
  dependencies:
    call-bound: "npm:^1.0.4"
    generator-function: "npm:^2.0.0"
    get-proto: "npm:^1.0.1"
    has-tostringtag: "npm:^1.0.2"
    safe-regex-test: "npm:^1.1.0"
  checksum: 10c0/83da102e89c3e3b71d67b51d47c9f9bc862bceb58f87201727e27f7fa19d1d90b0ab223644ecaee6fc6e3d2d622bb25c966fbdaf87c59158b01ce7c0fe2fa372
  languageName: node
  linkType: hard

"is-nan@npm:^1.3.2":
  version: 1.3.2
  resolution: "is-nan@npm:1.3.2"
  dependencies:
    call-bind: "npm:^1.0.0"
    define-properties: "npm:^1.1.3"
  checksum: 10c0/8bfb286f85763f9c2e28ea32e9127702fe980ffd15fa5d63ade3be7786559e6e21355d3625dd364c769c033c5aedf0a2ed3d4025d336abf1b9241e3d9eddc5b0
  languageName: node
  linkType: hard

"is-plain-obj@npm:^4.1.0":
  version: 4.1.0
  resolution: "is-plain-obj@npm:4.1.0"
  checksum: 10c0/32130d651d71d9564dc88ba7e6fda0e91a1010a3694648e9f4f47bb6080438140696d3e3e15c741411d712e47ac9edc1a8a9de1fe76f3487b0d90be06ac9975e
  languageName: node
  linkType: hard

"is-regex@npm:^1.2.1":
  version: 1.2.1
  resolution: "is-regex@npm:1.2.1"
  dependencies:
    call-bound: "npm:^1.0.2"
    gopd: "npm:^1.2.0"
    has-tostringtag: "npm:^1.0.2"
    hasown: "npm:^2.0.2"
  checksum: 10c0/1d3715d2b7889932349241680032e85d0b492cfcb045acb75ffc2c3085e8d561184f1f7e84b6f8321935b4aea39bc9c6ba74ed595b57ce4881a51dfdbc214e04
  languageName: node
  linkType: hard

"is-typed-array@npm:^1.1.3":
  version: 1.1.15
  resolution: "is-typed-array@npm:1.1.15"
  dependencies:
    which-typed-array: "npm:^1.1.16"
  checksum: 10c0/415511da3669e36e002820584e264997ffe277ff136643a3126cc949197e6ca3334d0f12d084e83b1994af2e9c8141275c741cf2b7da5a2ff62dd0cac26f76c4
  languageName: node
  linkType: hard

"isexe@npm:^2.0.0":
  version: 2.0.0
  resolution: "isexe@npm:2.0.0"
  checksum: 10c0/228cfa503fadc2c31596ab06ed6aa82c9976eec2bfd83397e7eaf06d0ccf42cd1dfd6743bf9aeb01aebd4156d009994c5f76ea898d2832c1fe342da923ca457d
  languageName: node
  linkType: hard

"jackspeak@npm:^4.1.1":
  version: 4.1.1
  resolution: "jackspeak@npm:4.1.1"
  dependencies:
    "@isaacs/cliui": "npm:^8.0.2"
  checksum: 10c0/84ec4f8e21d6514db24737d9caf65361511f75e5e424980eebca4199f400874f45e562ac20fa8aeb1dd20ca2f3f81f0788b6e9c3e64d216a5794fd6f30e0e042
  languageName: node
  linkType: hard

"json5@npm:^2.2.2":
  version: 2.2.3
  resolution: "json5@npm:2.2.3"
  bin:
    json5: lib/cli.js
  checksum: 10c0/5a04eed94810fa55c5ea138b2f7a5c12b97c3750bc63d11e511dcecbfef758003861522a070c2272764ee0f4e3e323862f386945aeb5b85b87ee43f084ba586c
  languageName: node
  linkType: hard

"lru-cache@npm:^11.0.0":
  version: 11.2.2
  resolution: "lru-cache@npm:11.2.2"
  checksum: 10c0/72d7831bbebc85e2bdefe01047ee5584db69d641c48d7a509e86f66f6ee111b30af7ec3bd68a967d47b69a4b1fa8bbf3872630bd06a63b6735e6f0a5f1c8e83d
  languageName: node
  linkType: hard

"math-intrinsics@npm:^1.1.0":
  version: 1.1.0
  resolution: "math-intrinsics@npm:1.1.0"
  checksum: 10c0/7579ff94e899e2f76ab64491d76cf606274c874d8f2af4a442c016bd85688927fcfca157ba6bf74b08e9439dc010b248ce05b96cc7c126a354c3bae7fcb48b7f
  languageName: node
  linkType: hard

"memfs@npm:^4.17.0":
  version: 4.50.0
  resolution: "memfs@npm:4.50.0"
  dependencies:
    "@jsonjoy.com/json-pack": "npm:^1.11.0"
    "@jsonjoy.com/util": "npm:^1.9.0"
    glob-to-regex.js: "npm:^1.0.1"
    thingies: "npm:^2.5.0"
    tree-dump: "npm:^1.0.3"
    tslib: "npm:^2.0.0"
  checksum: 10c0/304cf75c4ee51f72f6a37f3194c8900468ead3f71d017c777ac4e7543ae34e951cd8d3f4fa04f7ef0181f57ba9417b71e41b548f947ace5e30f65b7357d19935
  languageName: node
  linkType: hard

"minimatch@npm:^10.0.3":
  version: 10.1.1
  resolution: "minimatch@npm:10.1.1"
  dependencies:
    "@isaacs/brace-expansion": "npm:^5.0.0"
  checksum: 10c0/c85d44821c71973d636091fddbfbffe62370f5ee3caf0241c5b60c18cd289e916200acb2361b7e987558cd06896d153e25d505db9fc1e43e6b4b6752e2702902
  languageName: node
  linkType: hard

"minipass@npm:^7.1.2":
  version: 7.1.2
  resolution: "minipass@npm:7.1.2"
  checksum: 10c0/b0fd20bb9fb56e5fa9a8bfac539e8915ae07430a619e4b86ff71f5fc757ef3924b23b2c4230393af1eda647ed3d75739e4e0acb250a6b1eb277cf7f8fe449557
  languageName: node
  linkType: hard

"object-inspect@npm:^1.13.3":
  version: 1.13.4
  resolution: "object-inspect@npm:1.13.4"
  checksum: 10c0/d7f8711e803b96ea3191c745d6f8056ce1f2496e530e6a19a0e92d89b0fa3c76d910c31f0aa270432db6bd3b2f85500a376a83aaba849a8d518c8845b3211692
  languageName: node
  linkType: hard

"object-is@npm:^1.1.5":
  version: 1.1.6
  resolution: "object-is@npm:1.1.6"
  dependencies:
    call-bind: "npm:^1.0.7"
    define-properties: "npm:^1.2.1"
  checksum: 10c0/506af444c4dce7f8e31f34fc549e2fb8152d6b9c4a30c6e62852badd7f520b579c679af433e7a072f9d78eb7808d230dc12e1cf58da9154dfbf8813099ea0fe0
  languageName: node
  linkType: hard

"object-keys@npm:^1.1.1":
  version: 1.1.1
  resolution: "object-keys@npm:1.1.1"
  checksum: 10c0/b11f7ccdbc6d406d1f186cdadb9d54738e347b2692a14439ca5ac70c225fa6db46db809711b78589866d47b25fc3e8dee0b4c722ac751e11180f9380e3d8601d
  languageName: node
  linkType: hard

"object.assign@npm:^4.1.4":
  version: 4.1.7
  resolution: "object.assign@npm:4.1.7"
  dependencies:
    call-bind: "npm:^1.0.8"
    call-bound: "npm:^1.0.3"
    define-properties: "npm:^1.2.1"
    es-object-atoms: "npm:^1.0.0"
    has-symbols: "npm:^1.1.0"
    object-keys: "npm:^1.1.1"
  checksum: 10c0/3b2732bd860567ea2579d1567525168de925a8d852638612846bd8082b3a1602b7b89b67b09913cbb5b9bd6e95923b2ae73580baa9d99cb4e990564e8cbf5ddc
  languageName: node
  linkType: hard

"package-json-from-dist@npm:^1.0.0":
  version: 1.0.1
  resolution: "package-json-from-dist@npm:1.0.1"
  checksum: 10c0/62ba2785eb655fec084a257af34dbe24292ab74516d6aecef97ef72d4897310bc6898f6c85b5cd22770eaa1ce60d55a0230e150fb6a966e3ecd6c511e23d164b
  languageName: node
  linkType: hard

"path-key@npm:^3.1.0":
  version: 3.1.1
  resolution: "path-key@npm:3.1.1"
  checksum: 10c0/748c43efd5a569c039d7a00a03b58eecd1d75f3999f5a28303d75f521288df4823bc057d8784eb72358b2895a05f29a070bc9f1f17d28226cc4e62494cc58c4c
  languageName: node
  linkType: hard

"path-scurry@npm:^2.0.0":
  version: 2.0.1
  resolution: "path-scurry@npm:2.0.1"
  dependencies:
    lru-cache: "npm:^11.0.0"
    minipass: "npm:^7.1.2"
  checksum: 10c0/2a16ed0e81fbc43513e245aa5763354e25e787dab0d539581a6c3f0f967461a159ed6236b2559de23aa5b88e7dc32b469b6c47568833dd142a4b24b4f5cd2620
  languageName: node
  linkType: hard

"path-unified@npm:^0.2.0":
  version: 0.2.0
  resolution: "path-unified@npm:0.2.0"
  checksum: 10c0/5229bbcbb093b1c76e7a8f568dd7d362bae6bd9348099968252aa17b1ffd86ef845d560a6b483bb2e6a3b2c25a5e8288707b03e41b66b2761aa1e2ba67b07d5b
  languageName: node
  linkType: hard

"path@npm:^0.12.7":
  version: 0.12.7
  resolution: "path@npm:0.12.7"
  dependencies:
    process: "npm:^0.11.1"
    util: "npm:^0.10.3"
  checksum: 10c0/f795ce5438a988a590c7b6dfd450ec9baa1c391a8be4c2dea48baa6e0f5b199e56cd83b8c9ebf3991b81bea58236d2c32bdafe2c17a2e70c3a2e4c69891ade59
  languageName: node
  linkType: hard

"possible-typed-array-names@npm:^1.0.0":
  version: 1.1.0
  resolution: "possible-typed-array-names@npm:1.1.0"
  checksum: 10c0/c810983414142071da1d644662ce4caebce890203eb2bc7bf119f37f3fe5796226e117e6cca146b521921fa6531072674174a3325066ac66fce089a53e1e5196
  languageName: node
  linkType: hard

"prettier@npm:^3.3.3":
  version: 3.6.2
  resolution: "prettier@npm:3.6.2"
  bin:
    prettier: bin/prettier.cjs
  checksum: 10c0/488cb2f2b99ec13da1e50074912870217c11edaddedeadc649b1244c749d15ba94e846423d062e2c4c9ae683e2d65f754de28889ba06e697ac4f988d44f45812
  languageName: node
  linkType: hard

"process@npm:^0.11.1":
  version: 0.11.10
  resolution: "process@npm:0.11.10"
  checksum: 10c0/40c3ce4b7e6d4b8c3355479df77aeed46f81b279818ccdc500124e6a5ab882c0cc81ff7ea16384873a95a74c4570b01b120f287abbdd4c877931460eca6084b3
  languageName: node
  linkType: hard

"punycode@npm:^1.4.1":
  version: 1.4.1
  resolution: "punycode@npm:1.4.1"
  checksum: 10c0/354b743320518aef36f77013be6e15da4db24c2b4f62c5f1eb0529a6ed02fbaf1cb52925785f6ab85a962f2b590d9cd5ad730b70da72b5f180e2556b8bd3ca08
  languageName: node
  linkType: hard

"qs@npm:^6.12.3":
  version: 6.14.0
  resolution: "qs@npm:6.14.0"
  dependencies:
    side-channel: "npm:^1.1.0"
  checksum: 10c0/8ea5d91bf34f440598ee389d4a7d95820e3b837d3fd9f433871f7924801becaa0cd3b3b4628d49a7784d06a8aea9bc4554d2b6d8d584e2d221dc06238a42909c
  languageName: node
  linkType: hard

"root-workspace-0b6124@workspace:.":
  version: 0.0.0-use.local
  resolution: "root-workspace-0b6124@workspace:."
  dependencies:
    typescript: "npm:^5.9.3"
  languageName: unknown
  linkType: soft

"safe-buffer@npm:~5.2.0":
  version: 5.2.1
  resolution: "safe-buffer@npm:5.2.1"
  checksum: 10c0/6501914237c0a86e9675d4e51d89ca3c21ffd6a31642efeba25ad65720bce6921c9e7e974e5be91a786b25aa058b5303285d3c15dbabf983a919f5f630d349f3
  languageName: node
  linkType: hard

"safe-regex-test@npm:^1.1.0":
  version: 1.1.0
  resolution: "safe-regex-test@npm:1.1.0"
  dependencies:
    call-bound: "npm:^1.0.2"
    es-errors: "npm:^1.3.0"
    is-regex: "npm:^1.2.1"
  checksum: 10c0/f2c25281bbe5d39cddbbce7f86fca5ea9b3ce3354ea6cd7c81c31b006a5a9fff4286acc5450a3b9122c56c33eba69c56b9131ad751457b2b4a585825e6a10665
  languageName: node
  linkType: hard

"set-function-length@npm:^1.2.2":
  version: 1.2.2
  resolution: "set-function-length@npm:1.2.2"
  dependencies:
    define-data-property: "npm:^1.1.4"
    es-errors: "npm:^1.3.0"
    function-bind: "npm:^1.1.2"
    get-intrinsic: "npm:^1.2.4"
    gopd: "npm:^1.0.1"
    has-property-descriptors: "npm:^1.0.2"
  checksum: 10c0/82850e62f412a258b71e123d4ed3873fa9377c216809551192bb6769329340176f109c2eeae8c22a8d386c76739855f78e8716515c818bcaef384b51110f0f3c
  languageName: node
  linkType: hard

"shebang-command@npm:^2.0.0":
  version: 2.0.0
  resolution: "shebang-command@npm:2.0.0"
  dependencies:
    shebang-regex: "npm:^3.0.0"
  checksum: 10c0/a41692e7d89a553ef21d324a5cceb5f686d1f3c040759c50aab69688634688c5c327f26f3ecf7001ebfd78c01f3c7c0a11a7c8bfd0a8bc9f6240d4f40b224e4e
  languageName: node
  linkType: hard

"shebang-regex@npm:^3.0.0":
  version: 3.0.0
  resolution: "shebang-regex@npm:3.0.0"
  checksum: 10c0/1dbed0726dd0e1152a92696c76c7f06084eb32a90f0528d11acd764043aacf76994b2fb30aa1291a21bd019d6699164d048286309a278855ee7bec06cf6fb690
  languageName: node
  linkType: hard

"side-channel-list@npm:^1.0.0":
  version: 1.0.0
  resolution: "side-channel-list@npm:1.0.0"
  dependencies:
    es-errors: "npm:^1.3.0"
    object-inspect: "npm:^1.13.3"
  checksum: 10c0/644f4ac893456c9490ff388bf78aea9d333d5e5bfc64cfb84be8f04bf31ddc111a8d4b83b85d7e7e8a7b845bc185a9ad02c052d20e086983cf59f0be517d9b3d
  languageName: node
  linkType: hard

"side-channel-map@npm:^1.0.1":
  version: 1.0.1
  resolution: "side-channel-map@npm:1.0.1"
  dependencies:
    call-bound: "npm:^1.0.2"
    es-errors: "npm:^1.3.0"
    get-intrinsic: "npm:^1.2.5"
    object-inspect: "npm:^1.13.3"
  checksum: 10c0/010584e6444dd8a20b85bc926d934424bd809e1a3af941cace229f7fdcb751aada0fb7164f60c2e22292b7fa3c0ff0bce237081fd4cdbc80de1dc68e95430672
  languageName: node
  linkType: hard

"side-channel-weakmap@npm:^1.0.2":
  version: 1.0.2
  resolution: "side-channel-weakmap@npm:1.0.2"
  dependencies:
    call-bound: "npm:^1.0.2"
    es-errors: "npm:^1.3.0"
    get-intrinsic: "npm:^1.2.5"
    object-inspect: "npm:^1.13.3"
    side-channel-map: "npm:^1.0.1"
  checksum: 10c0/71362709ac233e08807ccd980101c3e2d7efe849edc51455030327b059f6c4d292c237f94dc0685031dd11c07dd17a68afde235d6cf2102d949567f98ab58185
  languageName: node
  linkType: hard

"side-channel@npm:^1.1.0":
  version: 1.1.0
  resolution: "side-channel@npm:1.1.0"
  dependencies:
    es-errors: "npm:^1.3.0"
    object-inspect: "npm:^1.13.3"
    side-channel-list: "npm:^1.0.0"
    side-channel-map: "npm:^1.0.1"
    side-channel-weakmap: "npm:^1.0.2"
  checksum: 10c0/cb20dad41eb032e6c24c0982e1e5a24963a28aa6122b4f05b3f3d6bf8ae7fd5474ef382c8f54a6a3ab86e0cac4d41a23bd64ede3970e5bfb50326ba02a7996e6
  languageName: node
  linkType: hard

"signal-exit@npm:^4.0.1":
  version: 4.1.0
  resolution: "signal-exit@npm:4.1.0"
  checksum: 10c0/41602dce540e46d599edba9d9860193398d135f7ff72cab629db5171516cfae628d21e7bfccde1bbfdf11c48726bc2a6d1a8fb8701125852fbfda7cf19c6aa83
  languageName: node
  linkType: hard

"stream@npm:^0.0.3":
  version: 0.0.3
  resolution: "stream@npm:0.0.3"
  dependencies:
    component-emitter: "npm:^2.0.0"
  checksum: 10c0/5d262408583f3d5fed8077b33ad670320d85c6b7c0fb3ab73a9a632fbad0ee36f3c66e6feb5264cb39dbee3a619174fa886b5f69f98217666d0844f6a2f6510b
  languageName: node
  linkType: hard

"string-width-cjs@npm:string-width@^4.2.0, string-width@npm:^4.1.0":
  version: 4.2.3
  resolution: "string-width@npm:4.2.3"
  dependencies:
    emoji-regex: "npm:^8.0.0"
    is-fullwidth-code-point: "npm:^3.0.0"
    strip-ansi: "npm:^6.0.1"
  checksum: 10c0/1e525e92e5eae0afd7454086eed9c818ee84374bb80328fc41217ae72ff5f065ef1c9d7f72da41de40c75fa8bb3dee63d92373fd492c84260a552c636392a47b
  languageName: node
  linkType: hard

"string-width@npm:^5.0.1, string-width@npm:^5.1.2":
  version: 5.1.2
  resolution: "string-width@npm:5.1.2"
  dependencies:
    eastasianwidth: "npm:^0.2.0"
    emoji-regex: "npm:^9.2.2"
    strip-ansi: "npm:^7.0.1"
  checksum: 10c0/ab9c4264443d35b8b923cbdd513a089a60de339216d3b0ed3be3ba57d6880e1a192b70ae17225f764d7adbf5994e9bb8df253a944736c15a0240eff553c678ca
  languageName: node
  linkType: hard

"string_decoder@npm:^1.3.0":
  version: 1.3.0
  resolution: "string_decoder@npm:1.3.0"
  dependencies:
    safe-buffer: "npm:~5.2.0"
  checksum: 10c0/810614ddb030e271cd591935dcd5956b2410dd079d64ff92a1844d6b7588bf992b3e1b69b0f4d34a3e06e0bd73046ac646b5264c1987b20d0601f81ef35d731d
  languageName: node
  linkType: hard

"strip-ansi-cjs@npm:strip-ansi@^6.0.1, strip-ansi@npm:^6.0.0, strip-ansi@npm:^6.0.1":
  version: 6.0.1
  resolution: "strip-ansi@npm:6.0.1"
  dependencies:
    ansi-regex: "npm:^5.0.1"
  checksum: 10c0/1ae5f212a126fe5b167707f716942490e3933085a5ff6c008ab97ab2f272c8025d3aa218b7bd6ab25729ca20cc81cddb252102f8751e13482a5199e873680952
  languageName: node
  linkType: hard

"strip-ansi@npm:^7.0.1":
  version: 7.1.2
  resolution: "strip-ansi@npm:7.1.2"
  dependencies:
    ansi-regex: "npm:^6.0.1"
  checksum: 10c0/0d6d7a023de33368fd042aab0bf48f4f4077abdfd60e5393e73c7c411e85e1b3a83507c11af2e656188511475776215df9ca589b4da2295c9455cc399ce1858b
  languageName: node
  linkType: hard

"style-dictionary@npm:^5.1.1":
  version: 5.1.1
  resolution: "style-dictionary@npm:5.1.1"
  dependencies:
    "@bundled-es-modules/deepmerge": "npm:^4.3.1"
    "@bundled-es-modules/glob": "npm:^11.0.3"
    "@bundled-es-modules/memfs": "npm:^4.9.4"
    "@zip.js/zip.js": "npm:^2.7.44"
    chalk: "npm:^5.3.0"
    change-case: "npm:^5.3.0"
    commander: "npm:^12.1.0"
    is-plain-obj: "npm:^4.1.0"
    json5: "npm:^2.2.2"
    path-unified: "npm:^0.2.0"
    prettier: "npm:^3.3.3"
    tinycolor2: "npm:^1.6.0"
  bin:
    style-dictionary: bin/style-dictionary.js
  checksum: 10c0/ff005114fdef4e47d787097e79cddb92eb50ccd4fff232cba00ba63a224d88de375caeacc7031e0702026caf7c163992d7a6da388140b199cf33768a1a5bbda2
  languageName: node
  linkType: hard

"thingies@npm:^2.5.0":
  version: 2.5.0
  resolution: "thingies@npm:2.5.0"
  peerDependencies:
    tslib: ^2
  checksum: 10c0/52194642c129615b6af15648621be9a2784ad25526e3facca6c28aa1a36ea32245ef146ebc3fbaf64a3605b8301a5335da505d0c314f851ff293b184e0de7fb9
  languageName: node
  linkType: hard

"tinycolor2@npm:^1.6.0":
  version: 1.6.0
  resolution: "tinycolor2@npm:1.6.0"
  checksum: 10c0/9aa79a36ba2c2a87cb221453465cabacd04b9e35f9694373e846fdc78b1c768110f81e581ea41440106c0f24d9a023891d0887e8075885e790ac40eb0e74a5c1
  languageName: node
  linkType: hard

"tree-dump@npm:^1.0.3, tree-dump@npm:^1.1.0":
  version: 1.1.0
  resolution: "tree-dump@npm:1.1.0"
  peerDependencies:
    tslib: 2
  checksum: 10c0/079f0f0163b68ee2eedc65cab1de6fb121487eba9ae135c106a8bc5e4ab7906ae0b57d86016e4a7da8c0ee906da1eae8c6a1490cd6e2a5e5ccbca321e1f959ca
  languageName: node
  linkType: hard

"tslib@npm:^2.0.0":
  version: 2.8.1
  resolution: "tslib@npm:2.8.1"
  checksum: 10c0/9c4759110a19c53f992d9aae23aac5ced636e99887b51b9e61def52611732872ff7668757d4e4c61f19691e36f4da981cd9485e869b4a7408d689f6bf1f14e62
  languageName: node
  linkType: hard

"typescript@npm:^5.9.3":
  version: 5.9.3
  resolution: "typescript@npm:5.9.3"
  bin:
    tsc: bin/tsc
    tsserver: bin/tsserver
  checksum: 10c0/6bd7552ce39f97e711db5aa048f6f9995b53f1c52f7d8667c1abdc1700c68a76a308f579cd309ce6b53646deb4e9a1be7c813a93baaf0a28ccd536a30270e1c5
  languageName: node
  linkType: hard

"typescript@patch:typescript@npm%3A^5.9.3#optional!builtin<compat/typescript>":
  version: 5.9.3
  resolution: "typescript@patch:typescript@npm%3A5.9.3#optional!builtin<compat/typescript>::version=5.9.3&hash=5786d5"
  bin:
    tsc: bin/tsc
    tsserver: bin/tsserver
  checksum: 10c0/ad09fdf7a756814dce65bc60c1657b40d44451346858eea230e10f2e95a289d9183b6e32e5c11e95acc0ccc214b4f36289dcad4bf1886b0adb84d711d336a430
  languageName: node
  linkType: hard

"url@npm:^0.11.3":
  version: 0.11.4
  resolution: "url@npm:0.11.4"
  dependencies:
    punycode: "npm:^1.4.1"
    qs: "npm:^6.12.3"
  checksum: 10c0/cc93405ae4a9b97a2aa60ca67f1cb1481c0221cb4725a7341d149be5e2f9cfda26fd432d64dbbec693d16593b68b8a46aad8e5eab21f814932134c9d8620c662
  languageName: node
  linkType: hard

"util@npm:^0.10.3":
  version: 0.10.4
  resolution: "util@npm:0.10.4"
  dependencies:
    inherits: "npm:2.0.3"
  checksum: 10c0/d29f6893e406b63b088ce9924da03201df89b31490d4d011f1c07a386ea4b3dbe907464c274023c237da470258e1805d806c7e4009a5974cd6b1d474b675852a
  languageName: node
  linkType: hard

"util@npm:^0.12.5":
  version: 0.12.5
  resolution: "util@npm:0.12.5"
  dependencies:
    inherits: "npm:^2.0.3"
    is-arguments: "npm:^1.0.4"
    is-generator-function: "npm:^1.0.7"
    is-typed-array: "npm:^1.1.3"
    which-typed-array: "npm:^1.1.2"
  checksum: 10c0/c27054de2cea2229a66c09522d0fa1415fb12d861d08523a8846bf2e4cbf0079d4c3f725f09dcb87493549bcbf05f5798dce1688b53c6c17201a45759e7253f3
  languageName: node
  linkType: hard

"which-typed-array@npm:^1.1.16, which-typed-array@npm:^1.1.2":
  version: 1.1.19
  resolution: "which-typed-array@npm:1.1.19"
  dependencies:
    available-typed-arrays: "npm:^1.0.7"
    call-bind: "npm:^1.0.8"
    call-bound: "npm:^1.0.4"
    for-each: "npm:^0.3.5"
    get-proto: "npm:^1.0.1"
    gopd: "npm:^1.2.0"
    has-tostringtag: "npm:^1.0.2"
  checksum: 10c0/702b5dc878addafe6c6300c3d0af5983b175c75fcb4f2a72dfc3dd38d93cf9e89581e4b29c854b16ea37e50a7d7fca5ae42ece5c273d8060dcd603b2404bbb3f
  languageName: node
  linkType: hard

"which@npm:^2.0.1":
  version: 2.0.2
  resolution: "which@npm:2.0.2"
  dependencies:
    isexe: "npm:^2.0.0"
  bin:
    node-which: ./bin/node-which
  checksum: 10c0/66522872a768b60c2a65a57e8ad184e5372f5b6a9ca6d5f033d4b0dc98aff63995655a7503b9c0a2598936f532120e81dd8cc155e2e92ed662a2b9377cc4374f
  languageName: node
  linkType: hard

"wrap-ansi-cjs@npm:wrap-ansi@^7.0.0":
  version: 7.0.0
  resolution: "wrap-ansi@npm:7.0.0"
  dependencies:
    ansi-styles: "npm:^4.0.0"
    string-width: "npm:^4.1.0"
    strip-ansi: "npm:^6.0.0"
  checksum: 10c0/d15fc12c11e4cbc4044a552129ebc75ee3f57aa9c1958373a4db0292d72282f54373b536103987a4a7594db1ef6a4f10acf92978f79b98c49306a4b58c77d4da
  languageName: node
  linkType: hard

"wrap-ansi@npm:^8.1.0":
  version: 8.1.0
  resolution: "wrap-ansi@npm:8.1.0"
  dependencies:
    ansi-styles: "npm:^6.1.0"
    string-width: "npm:^5.0.1"
    strip-ansi: "npm:^7.0.1"
  checksum: 10c0/138ff58a41d2f877eae87e3282c0630fc2789012fc1af4d6bd626eeb9a2f9a65ca92005e6e69a75c7b85a68479fe7443c7dbe1eb8fbaa681a4491364b7c55c60
  languageName: node
  linkType: hard
